
Microsoft Visual Studio Solution File, Format Version 12.00
# Visual Studio Version 17
VisualStudioVersion = 17.6.33829.357
MinimumVisualStudioVersion = 10.0.40219.1
Project("{FAE04EC0-301F-11D3-BF4B-00C04F79EFBC}") = "TurnBasedRPG", "TurnBasedRPG\TurnBasedRPG.csproj", "{CD426C46-9402-4731-9AB6-6328024421FD}"
EndProject
Global
	GlobalSection(SolutionConfigurationPlatforms) = preSolution
		Debug|Any CPU = Debug|Any CPU
		Release|Any CPU = Release|Any CPU
	EndGlobalSection
	GlobalSection(ProjectConfigurationPlatforms) = postSolution
		{CD426C46-9402-4731-9AB6-6328024421FD}.Debug|Any CPU.ActiveCfg = Debug|Any CPU
		{CD426C46-9402-4731-9AB6-6328024421FD}.Debug|Any CPU.Build.0 = Debug|Any CPU
		{CD426C46-9402-4731-9AB6-6328024421FD}.Release|Any CPU.ActiveCfg = Release|Any CPU
		{CD426C46-9402-4731-9AB6-6328024421FD}.Release|Any CPU.Build.0 = Release|Any CPU
	EndGlobalSection
	GlobalSection(SolutionProperties) = preSolution
		HideSolutionNode = FALSE
	EndGlobalSection
	GlobalSection(ExtensibilityGlobals) = postSolution
		SolutionGuid = {39C615AC-20FC-4739-AA89-1A9AEE2C4831}
	EndGlobalSection
EndGlobal
